<Solution>
  <Folder Name="/src/">
    <Project Path="src/Sievert.Analysis/Sievert.Analysis.csproj" />
    <Project Path="src/Sievert.Api/Sievert.Api.csproj" />
    <Project Path="src/Sievert.Cli/Sievert.Cli.csproj" />
    <Project Path="src/Sievert.Contracts/Sievert.Contracts.csproj" />
    <Project Path="src/Sievert.Core/Sievert.Core.csproj" />
    <Project Path="src/Sievert.Data/Sievert.Data.csproj" />
    <Project Path="src/Sievert.Mining/Sievert.Mining.csproj" />
    <Project Path="src/Sievert.Modeling/Sievert.Modeling.csproj" />
    <Project Path="src/Sievert.Web/Sievert.Web.csproj" />
  </Folder>
  <Folder Name="/tools/">
    <Project Path="tools/Sievert.Measure/Sievert.Measure.csproj" />
  </Folder>
  <Folder Name="/tests/">
    <Project Path="tests/Sievert.Tests/Sievert.Tests.csproj" />
    <Project Path="tests/Sievert.Web.Tests/Sievert.Web.Tests.csproj" />
  </Folder>
</Solution>
